
Microsoft Visual Studio Solution File, Format Version 12.00
# Visual Studio Version 17
VisualStudioVersion = 17.3.32804.467
MinimumVisualStudioVersion = 10.0.40219.1
Project("{FAE04EC0-301F-11D3-BF4B-00C04F79EFBC}") = "BookShop.Infra", "BookShop.Infra\BookShop.Infra.csproj", "{34F71E7E-DF80-4092-B110-D26A05D81004}"
EndProject
Global
	GlobalSection(SolutionConfigurationPlatforms) = preSolution
		Debug|Any CPU = Debug|Any CPU
		Release|Any CPU = Release|Any CPU
	EndGlobalSection
	GlobalSection(ProjectConfigurationPlatforms) = postSolution
		{34F71E7E-DF80-4092-B110-D26A05D81004}.Debug|Any CPU.ActiveCfg = Debug|Any CPU
		{34F71E7E-DF80-4092-B110-D26A05D81004}.Debug|Any CPU.Build.0 = Debug|Any CPU
		{34F71E7E-DF80-4092-B110-D26A05D81004}.Release|Any CPU.ActiveCfg = Release|Any CPU
		{34F71E7E-DF80-4092-B110-D26A05D81004}.Release|Any CPU.Build.0 = Release|Any CPU
	EndGlobalSection
	GlobalSection(SolutionProperties) = preSolution
		HideSolutionNode = FALSE
	EndGlobalSection
	GlobalSection(ExtensibilityGlobals) = postSolution
		SolutionGuid = {A991F1B0-F464-4C94-86AA-B11D2AFB7253}
	EndGlobalSection
EndGlobal
